Microsoft Visual Studio Solution File, Format Version 12.00
# Visual Studio Version 17
VisualStudioVersion = 17.14.36109.1
MinimumVisualStudioVersion = 10.0.40219.1
Project("{FAE04EC0-301F-11D3-BF4B-00C04F79EFBC}") = "PanSdk", "src\PanSdk\PanSdk.csproj", "{E39F39DA-42DA-4ECF-AFBB-826F494A3D40}"
EndProject
Project("{FAE04EC0-301F-11D3-BF4B-00C04F79EFBC}") = "PanSdk.Test", "src\PanSdk.Test\PanSdk.Test.csproj", "{19F1DEBC-DE5E-4517-8062-F000CD499087}"
EndProject
Project("{FAE04EC0-301F-11D3-BF4B-00C04F79EFBC}") = "PanSdk.Example", "src\PanSdk.Example\PanSdk.Example.csproj", "{844FB1F1-938B-5318-3FD9-BFB5637CCAF3}"
EndProject
Global
	GlobalSection(SolutionConfigurationPlatforms) = preSolution
		Debug|Any CPU = Debug|Any CPU
		Release|Any CPU = Release|Any CPU
	EndGlobalSection
	GlobalSection(ProjectConfigurationPlatforms) = postSolution
		{E39F39DA-42DA-4ECF-AFBB-826F494A3D40}.Debug|Any CPU.ActiveCfg = Debug|Any CPU
		{E39F39DA-42DA-4ECF-AFBB-826F494A3D40}.Debug|Any CPU.Build.0 = Debug|Any CPU
		{E39F39DA-42DA-4ECF-AFBB-826F494A3D40}.Release|Any CPU.ActiveCfg = Release|Any CPU
		{E39F39DA-42DA-4ECF-AFBB-826F494A3D40}.Release|Any CPU.Build.0 = Release|Any CPU
		{19F1DEBC-DE5E-4517-8062-F000CD499087}.Debug|Any CPU.ActiveCfg = Debug|Any CPU
		{19F1DEBC-DE5E-4517-8062-F000CD499087}.Debug|Any CPU.Build.0 = Debug|Any CPU
		{19F1DEBC-DE5E-4517-8062-F000CD499087}.Release|Any CPU.ActiveCfg = Release|Any CPU
		{19F1DEBC-DE5E-4517-8062-F000CD499087}.Release|Any CPU.Build.0 = Release|Any CPU
		{844FB1F1-938B-5318-3FD9-BFB5637CCAF3}.Debug|Any CPU.ActiveCfg = Debug|Any CPU
		{844FB1F1-938B-5318-3FD9-BFB5637CCAF3}.Debug|Any CPU.Build.0 = Debug|Any CPU
		{844FB1F1-938B-5318-3FD9-BFB5637CCAF3}.Release|Any CPU.ActiveCfg = Release|Any CPU
		{844FB1F1-938B-5318-3FD9-BFB5637CCAF3}.Release|Any CPU.Build.0 = Release|Any CPU
	EndGlobalSection
	GlobalSection(SolutionProperties) = preSolution
		HideSolutionNode = FALSE
	EndGlobalSection
EndGlobal
