
Microsoft Visual Studio Solution File, Format Version 12.00
# Visual Studio Version 17
VisualStudioVersion = 17.5.33424.131
MinimumVisualStudioVersion = 10.0.40219.1
Project("{9A19103F-16F7-4668-BE54-9A1E7A4F7556}") = "eID.PJS.API", "eID.PJS.API\eID.PJS.API.csproj", "{B1FD1C3E-E52C-407C-A42A-75AA8B08EC2E}"
EndProject
Project("{2150E333-8FDC-42A3-9474-1A3956D46DE8}") = "Solution Items", "Solution Items", "{98D75F42-C612-4AC3-B810-0CFFB753AE47}"
	ProjectSection(SolutionItems) = preProject
		README.md = README.md
	EndProjectSection
EndProject
Project("{9A19103F-16F7-4668-BE54-9A1E7A4F7556}") = "eID.PJS.Application", "eID.PJS.Application\eID.PJS.Application.csproj", "{EF038F73-432F-407E-8D94-F65F8845ABD2}"
EndProject
Project("{9A19103F-16F7-4668-BE54-9A1E7A4F7556}") = "eID.PJS.Service", "eID.PJS.Service\eID.PJS.Service.csproj", "{BFDB253F-A902-4CE9-8ED8-1B0872D9A8E9}"
EndProject
Project("{2150E333-8FDC-42A3-9474-1A3956D46DE8}") = "tests", "tests", "{BD7DF0A8-BC5C-409C-A258-3D2365DD7346}"
EndProject
Project("{9A19103F-16F7-4668-BE54-9A1E7A4F7556}") = "eID.PJS.Contracts", "eID.PJS.Contracts\eID.PJS.Contracts.csproj", "{5DACF862-44DE-4686-89E3-BD5C353F711E}"
EndProject
Project("{2150E333-8FDC-42A3-9474-1A3956D46DE8}") = "unit", "unit", "{85F3AECF-A4BA-4434-B607-F8530EA8CFFA}"
EndProject
Project("{9A19103F-16F7-4668-BE54-9A1E7A4F7556}") = "eID.PJS.UnitTests", "tests\unit\eID.PJS.UnitTests\eID.PJS.UnitTests.csproj", "{A5CC5905-EE1F-43B8-B2EB-1C7FBFD845F7}"
EndProject
Project("{9A19103F-16F7-4668-BE54-9A1E7A4F7556}") = "eID.PJS.API.Public", "eID.PJS.API.Public\eID.PJS.API.Public.csproj", "{C49944A0-773F-4B26-9AF8-5F88074E5111}"
EndProject
Global
	GlobalSection(SolutionConfigurationPlatforms) = preSolution
		Debug|Any CPU = Debug|Any CPU
		Release|Any CPU = Release|Any CPU
	EndGlobalSection
	GlobalSection(ProjectConfigurationPlatforms) = postSolution
		{B1FD1C3E-E52C-407C-A42A-75AA8B08EC2E}.Debug|Any CPU.ActiveCfg = Debug|Any CPU
		{B1FD1C3E-E52C-407C-A42A-75AA8B08EC2E}.Debug|Any CPU.Build.0 = Debug|Any CPU
		{B1FD1C3E-E52C-407C-A42A-75AA8B08EC2E}.Release|Any CPU.ActiveCfg = Release|Any CPU
		{B1FD1C3E-E52C-407C-A42A-75AA8B08EC2E}.Release|Any CPU.Build.0 = Release|Any CPU
		{EF038F73-432F-407E-8D94-F65F8845ABD2}.Debug|Any CPU.ActiveCfg = Debug|Any CPU
		{EF038F73-432F-407E-8D94-F65F8845ABD2}.Debug|Any CPU.Build.0 = Debug|Any CPU
		{EF038F73-432F-407E-8D94-F65F8845ABD2}.Release|Any CPU.ActiveCfg = Release|Any CPU
		{EF038F73-432F-407E-8D94-F65F8845ABD2}.Release|Any CPU.Build.0 = Release|Any CPU
		{BFDB253F-A902-4CE9-8ED8-1B0872D9A8E9}.Debug|Any CPU.ActiveCfg = Debug|Any CPU
		{BFDB253F-A902-4CE9-8ED8-1B0872D9A8E9}.Debug|Any CPU.Build.0 = Debug|Any CPU
		{BFDB253F-A902-4CE9-8ED8-1B0872D9A8E9}.Release|Any CPU.ActiveCfg = Release|Any CPU
		{BFDB253F-A902-4CE9-8ED8-1B0872D9A8E9}.Release|Any CPU.Build.0 = Release|Any CPU
		{5DACF862-44DE-4686-89E3-BD5C353F711E}.Debug|Any CPU.ActiveCfg = Debug|Any CPU
		{5DACF862-44DE-4686-89E3-BD5C353F711E}.Debug|Any CPU.Build.0 = Debug|Any CPU
		{5DACF862-44DE-4686-89E3-BD5C353F711E}.Release|Any CPU.ActiveCfg = Release|Any CPU
		{5DACF862-44DE-4686-89E3-BD5C353F711E}.Release|Any CPU.Build.0 = Release|Any CPU
		{A5CC5905-EE1F-43B8-B2EB-1C7FBFD845F7}.Debug|Any CPU.ActiveCfg = Debug|Any CPU
		{A5CC5905-EE1F-43B8-B2EB-1C7FBFD845F7}.Debug|Any CPU.Build.0 = Debug|Any CPU
		{A5CC5905-EE1F-43B8-B2EB-1C7FBFD845F7}.Release|Any CPU.ActiveCfg = Release|Any CPU
		{A5CC5905-EE1F-43B8-B2EB-1C7FBFD845F7}.Release|Any CPU.Build.0 = Release|Any CPU
		{C49944A0-773F-4B26-9AF8-5F88074E5111}.Debug|Any CPU.ActiveCfg = Debug|Any CPU
		{C49944A0-773F-4B26-9AF8-5F88074E5111}.Debug|Any CPU.Build.0 = Debug|Any CPU
		{C49944A0-773F-4B26-9AF8-5F88074E5111}.Release|Any CPU.ActiveCfg = Release|Any CPU
		{C49944A0-773F-4B26-9AF8-5F88074E5111}.Release|Any CPU.Build.0 = Release|Any CPU
	EndGlobalSection
	GlobalSection(SolutionProperties) = preSolution
		HideSolutionNode = FALSE
	EndGlobalSection
	GlobalSection(NestedProjects) = preSolution
		{85F3AECF-A4BA-4434-B607-F8530EA8CFFA} = {BD7DF0A8-BC5C-409C-A258-3D2365DD7346}
		{A5CC5905-EE1F-43B8-B2EB-1C7FBFD845F7} = {85F3AECF-A4BA-4434-B607-F8530EA8CFFA}
	EndGlobalSection
	GlobalSection(ExtensibilityGlobals) = postSolution
		SolutionGuid = {3F91102D-4955-4847-AFD7-45D6BBB1866F}
	EndGlobalSection
EndGlobal
